// !$*UTF8*$!
{
	archiveVersion = 1;
	classes = {
	};
	objectVersion = 50;
	objects = {

/* Begin PBXBuildFile section */
		FE833736256E8819002237DB /* main.c in Sources */ = {isa = PBXBuildFile; fileRef = FE833735256E8819002237DB /* main.c */; };
		FE833747256E8889002237DB /* Example_01.c in Sources */ = {isa = PBXBuildFile; fileRef = FE833746256E8889002237DB /* Example_01.c */; };
		FE83374D256E8914002237DB /* Example_02.c in Sources */ = {isa = PBXBuildFile; fileRef = FE83374C256E8914002237DB /* Example_02.c */; };
		FE833752256E8934002237DB /* Example_03.c in Sources */ = {isa = PBXBuildFile; fileRef = FE833751256E8934002237DB /* Example_03.c */; };
/* End PBXBuildFile section */

/* Begin PBXCopyFilesBuildPhase section */
		FE833730256E8819002237DB /* CopyFiles */ = {
			isa = PBXCopyFilesBuildPhase;
			buildActionMask = 2147483647;
			dstPath = /usr/share/man/man1/;
			dstSubfolderSpec = 0;
			files = (
			);
			runOnlyForDeploymentPostprocessing = 1;
		};
/* End PBXCopyFilesBuildPhase section */

/* Begin PBXFileReference section */
		FE833732256E8819002237DB /* Example */ = {isa = PBXFileReference; explicitFileType = "compiled.mach-o.executable"; includeInIndex = 0; path = Example; sourceTree = BUILT_PRODUCTS_DIR; };
		FE833735256E8819002237DB /* main.c */ = {isa = PBXFileReference; lastKnownFileType = sourcecode.c.c; path = main.c; sourceTree = "<group>"; };
		FE83373F256E885B002237DB /* KGDefine.h */ = {isa = PBXFileReference; lastKnownFileType = sourcecode.c.h; path = KGDefine.h; sourceTree = "<group>"; };
		FE833745256E8889002237DB /* Example_01.h */ = {isa = PBXFileReference; lastKnownFileType = sourcecode.c.h; path = Example_01.h; sourceTree = "<group>"; };
		FE833746256E8889002237DB /* Example_01.c */ = {isa = PBXFileReference; lastKnownFileType = sourcecode.c.c; path = Example_01.c; sourceTree = "<group>"; };
		FE83374B256E8914002237DB /* Example_02.h */ = {isa = PBXFileReference; lastKnownFileType = sourcecode.c.h; path = Example_02.h; sourceTree = "<group>"; };
		FE83374C256E8914002237DB /* Example_02.c */ = {isa = PBXFileReference; lastKnownFileType = sourcecode.c.c; path = Example_02.c; sourceTree = "<group>"; };
		FE833750256E8934002237DB /* Example_03.h */ = {isa = PBXFileReference; lastKnownFileType = sourcecode.c.h; path = Example_03.h; sourceTree = "<group>"; };
		FE833751256E8934002237DB /* Example_03.c */ = {isa = PBXFileReference; lastKnownFileType = sourcecode.c.c; path = Example_03.c; sourceTree = "<group>"; };
/* End PBXFileReference section */

/* Begin PBXFrameworksBuildPhase section */
		FE83372F256E8819002237DB /* Frameworks */ = {
			isa = PBXFrameworksBuildPhase;
			buildActionMask = 2147483647;
			files = (
			);
			runOnlyForDeploymentPostprocessing = 0;
		};
/* End PBXFrameworksBuildPhase section */

/* Begin PBXGroup section */
		FE833729256E8819002237DB = {
			isa = PBXGroup;
			children = (
				FE833734256E8819002237DB /* Example */,
				FE833733256E8819002237DB /* Products */,
			);
			sourceTree = "<group>";
		};
		FE833733256E8819002237DB /* Products */ = {
			isa = PBXGroup;
			children = (
				FE833732256E8819002237DB /* Example */,
			);
			name = Products;
			sourceTree = "<group>";
		};
		FE833734256E8819002237DB /* Example */ = {
			isa = PBXGroup;
			children = (
				FE83373D256E884D002237DB /* Global */,
				FE833744256E887A002237DB /* Example_01 */,
				FE83374A256E890B002237DB /* Example_02 */,
				FE83374F256E892A002237DB /* Example_03 */,
				FE833735256E8819002237DB /* main.c */,
			);
			path = Example;
			sourceTree = "<group>";
		};
		FE83373D256E884D002237DB /* Global */ = {
			isa = PBXGroup;
			children = (
				FE83373E256E8853002237DB /* Define */,
			);
			path = Global;
			sourceTree = "<group>";
		};
		FE83373E256E8853002237DB /* Define */ = {
			isa = PBXGroup;
			children = (
				FE83373F256E885B002237DB /* KGDefine.h */,
			);
			path = Define;
			sourceTree = "<group>";
		};
		FE833744256E887A002237DB /* Example_01 */ = {
			isa = PBXGroup;
			children = (
				FE833745256E8889002237DB /* Example_01.h */,
				FE833746256E8889002237DB /* Example_01.c */,
			);
			path = Example_01;
			sourceTree = "<group>";
		};
		FE83374A256E890B002237DB /* Example_02 */ = {
			isa = PBXGroup;
			children = (
				FE83374B256E8914002237DB /* Example_02.h */,
				FE83374C256E8914002237DB /* Example_02.c */,
			);
			path = Example_02;
			sourceTree = "<group>";
		};
		FE83374F256E892A002237DB /* Example_03 */ = {
			isa = PBXGroup;
			children = (
				FE833750256E8934002237DB /* Example_03.h */,
				FE833751256E8934002237DB /* Example_03.c */,
			);
			path = Example_03;
			sourceTree = "<group>";
		};
/* End PBXGroup section */

/* Begin PBXNativeTarget section */
		FE833731256E8819002237DB /* Example */ = {
			isa = PBXNativeTarget;
			buildConfigurationList = FE833739256E8819002237DB /* Build configuration list for PBXNativeTarget "Example" */;
			buildPhases = (
				FE83372E256E8819002237DB /* Sources */,
				FE83372F256E8819002237DB /* Frameworks */,
				FE833730256E8819002237DB /* CopyFiles */,
			);
			buildRules = (
			);
			dependencies = (
			);
			name = Example;
			productName = Example;
			productReference = FE833732256E8819002237DB /* Example */;
			productType = "com.apple.product-type.tool";
		};
/* End PBXNativeTarget section */

/* Begin PBXProject section */
		FE83372A256E8819002237DB /* Project object */ = {
			isa = PBXProject;
			attributes = {
				LastUpgradeCheck = 1220;
				TargetAttributes = {
					FE833731256E8819002237DB = {
						CreatedOnToolsVersion = 12.2;
					};
				};
			};
			buildConfigurationList = FE83372D256E8819002237DB /* Build configuration list for PBXProject "Example" */;
			compatibilityVersion = "Xcode 9.3";
			developmentRegion = en;
			hasScannedForEncodings = 0;
			knownRegions = (
				en,
				Base,
			);
			mainGroup = FE833729256E8819002237DB;
			productRefGroup = FE833733256E8819002237DB /* Products */;
			projectDirPath = "";
			projectRoot = "";
			targets = (
				FE833731256E8819002237DB /* Example */,
			);
		};
/* End PBXProject section */

/* Begin PBXSourcesBuildPhase section */
		FE83372E256E8819002237DB /* Sources */ = {
			isa = PBXSourcesBuildPhase;
			buildActionMask = 2147483647;
			files = (
				FE833736256E8819002237DB /* main.c in Sources */,
				FE833747256E8889002237DB /* Example_01.c in Sources */,
				FE83374D256E8914002237DB /* Example_02.c in Sources */,
				FE833752256E8934002237DB /* Example_03.c in Sources */,
			);
			runOnlyForDeploymentPostprocessing = 0;
		};
/* End PBXSourcesBuildPhase section */

/* Begin XCBuildConfiguration section */
		FE833737256E8819002237DB /* Debug */ = {
			isa = XCBuildConfiguration;
			buildSettings = {
				ALWAYS_SEARCH_USER_PATHS = NO;
				CLANG_ANALYZER_NONNULL = YES;
				CLANG_ANALYZER_NUMBER_OBJECT_CONVERSION = YES_AGGRESSIVE;
				CLANG_CXX_LANGUAGE_STANDARD = "gnu++14";
				CLANG_CXX_LIBRARY = "libc++";
				CLANG_ENABLE_MODULES = YES;
				CLANG_ENABLE_OBJC_ARC = YES;
				CLANG_ENABLE_OBJC_WEAK = YES;
				CLANG_WARN_BLOCK_CAPTURE_AUTORELEASING = YES;
				CLANG_WARN_BOOL_CONVERSION = YES;
				CLANG_WARN_COMMA = YES;
				CLANG_WARN_CONSTANT_CONVERSION = YES;
				CLANG_WARN_DEPRECATED_OBJC_IMPLEMENTATIONS = YES;
				CLANG_WARN_DIRECT_OBJC_ISA_USAGE = YES_ERROR;
				CLANG_WARN_DOCUMENTATION_COMMENTS = YES;
				CLANG_WARN_EMPTY_BODY = YES;
				CLANG_WARN_ENUM_CONVERSION = YES;
				CLANG_WARN_INFINITE_RECURSION = YES;
				CLANG_WARN_INT_CONVERSION = YES;
				CLANG_WARN_NON_LITERAL_NULL_CONVERSION = YES;
				CLANG_WARN_OBJC_IMPLICIT_RETAIN_SELF = YES;
				CLANG_WARN_OBJC_LITERAL_CONVERSION = YES;
				CLANG_WARN_OBJC_ROOT_CLASS = YES_ERROR;
				CLANG_WARN_QUOTED_INCLUDE_IN_FRAMEWORK_HEADER = YES;
				CLANG_WARN_RANGE_LOOP_ANALYSIS = YES;
				CLANG_WARN_STRICT_PROTOTYPES = YES;
				CLANG_WARN_SUSPICIOUS_MOVE = YES;
				CLANG_WARN_UNGUARDED_AVAILABILITY = YES_AGGRESSIVE;
				CLANG_WARN_UNREACHABLE_CODE = YES;
				CLANG_WARN__DUPLICATE_METHOD_MATCH = YES;
				COPY_PHASE_STRIP = NO;
				DEBUG_INFORMATION_FORMAT = dwarf;
				ENABLE_STRICT_OBJC_MSGSEND = YES;
				ENABLE_TESTABILITY = YES;
				GCC_C_LANGUAGE_STANDARD = gnu11;
				GCC_DYNAMIC_NO_PIC = NO;
				GCC_NO_COMMON_BLOCKS = YES;
				GCC_OPTIMIZATION_LEVEL = 0;
				GCC_PREPROCESSOR_DEFINITIONS = (
					"DEBUG=1",
					"$(inherited)",
				);
				GCC_WARN_64_TO_32_BIT_CONVERSION = YES;
				GCC_WARN_ABOUT_RETURN_TYPE = YES_ERROR;
				GCC_WARN_UNDECLARED_SELECTOR = YES;
				GCC_WARN_UNINITIALIZED_AUTOS = YES_AGGRESSIVE;
				GCC_WARN_UNUSED_FUNCTION = YES;
				GCC_WARN_UNUSED_VARIABLE = YES;
				MACOSX_DEPLOYMENT_TARGET = 11.0;
				MTL_ENABLE_DEBUG_INFO = INCLUDE_SOURCE;
				MTL_FAST_MATH = YES;
				ONLY_ACTIVE_ARCH = YES;
				SDKROOT = macosx;
			};
			name = Debug;
		};
		FE833738256E8819002237DB /* Release */ = {
			isa = XCBuildConfiguration;
			buildSettings = {
				ALWAYS_SEARCH_USER_PATHS = NO;
				CLANG_ANALYZER_NONNULL = YES;
				CLANG_ANALYZER_NUMBER_OBJECT_CONVERSION = YES_AGGRESSIVE;
				CLANG_CXX_LANGUAGE_STANDARD = "gnu++14";
				CLANG_CXX_LIBRARY = "libc++";
				CLANG_ENABLE_MODULES = YES;
				CLANG_ENABLE_OBJC_ARC = YES;
				CLANG_ENABLE_OBJC_WEAK = YES;
				CLANG_WARN_BLOCK_CAPTURE_AUTORELEASING = YES;
				CLANG_WARN_BOOL_CONVERSION = YES;
				CLANG_WARN_COMMA = YES;
				CLANG_WARN_CONSTANT_CONVERSION = YES;
				CLANG_WARN_DEPRECATED_OBJC_IMPLEMENTATIONS = YES;
				CLANG_WARN_DIRECT_OBJC_ISA_USAGE = YES_ERROR;
				CLANG_WARN_DOCUMENTATION_COMMENTS = YES;
				CLANG_WARN_EMPTY_BODY = YES;
				CLANG_WARN_ENUM_CONVERSION = YES;
				CLANG_WARN_INFINITE_RECURSION = YES;
				CLANG_WARN_INT_CONVERSION = YES;
				CLANG_WARN_NON_LITERAL_NULL_CONVERSION = YES;
				CLANG_WARN_OBJC_IMPLICIT_RETAIN_SELF = YES;
				CLANG_WARN_OBJC_LITERAL_CONVERSION = YES;
				CLANG_WARN_OBJC_ROOT_CLASS = YES_ERROR;
				CLANG_WARN_QUOTED_INCLUDE_IN_FRAMEWORK_HEADER = YES;
				CLANG_WARN_RANGE_LOOP_ANALYSIS = YES;
				CLANG_WARN_STRICT_PROTOTYPES = YES;
				CLANG_WARN_SUSPICIOUS_MOVE = YES;
				CLANG_WARN_UNGUARDED_AVAILABILITY = YES_AGGRESSIVE;
				CLANG_WARN_UNREACHABLE_CODE = YES;
				CLANG_WARN__DUPLICATE_METHOD_MATCH = YES;
				COPY_PHASE_STRIP = NO;
				DEBUG_INFORMATION_FORMAT = "dwarf-with-dsym";
				ENABLE_NS_ASSERTIONS = NO;
				ENABLE_STRICT_OBJC_MSGSEND = YES;
				GCC_C_LANGUAGE_STANDARD = gnu11;
				GCC_NO_COMMON_BLOCKS = YES;
				GCC_WARN_64_TO_32_BIT_CONVERSION = YES;
				GCC_WARN_ABOUT_RETURN_TYPE = YES_ERROR;
				GCC_WARN_UNDECLARED_SELECTOR = YES;
				GCC_WARN_UNINITIALIZED_AUTOS = YES_AGGRESSIVE;
				GCC_WARN_UNUSED_FUNCTION = YES;
				GCC_WARN_UNUSED_VARIABLE = YES;
				MACOSX_DEPLOYMENT_TARGET = 11.0;
				MTL_ENABLE_DEBUG_INFO = NO;
				MTL_FAST_MATH = YES;
				SDKROOT = macosx;
			};
			name = Release;
		};
		FE83373A256E8819002237DB /* Debug */ = {
			isa = XCBuildConfiguration;
			buildSettings = {
				CODE_SIGN_STYLE = Automatic;
				DEVELOPMENT_TEAM = 8XBEE2A299;
				ENABLE_HARDENED_RUNTIME = YES;
				PRODUCT_NAME = "$(TARGET_NAME)";
			};
			name = Debug;
		};
		FE83373B256E8819002237DB /* Release */ = {
			isa = XCBuildConfiguration;
			buildSettings = {
				CODE_SIGN_STYLE = Automatic;
				DEVELOPMENT_TEAM = 8XBEE2A299;
				ENABLE_HARDENED_RUNTIME = YES;
				PRODUCT_NAME = "$(TARGET_NAME)";
			};
			name = Release;
		};
/* End XCBuildConfiguration section */

/* Begin XCConfigurationList section */
		FE83372D256E8819002237DB /* Build configuration list for PBXProject "Example" */ = {
			isa = XCConfigurationList;
			buildConfigurations = (
				FE833737256E8819002237DB /* Debug */,
				FE833738256E8819002237DB /* Release */,
			);
			defaultConfigurationIsVisible = 0;
			defaultConfigurationName = Release;
		};
		FE833739256E8819002237DB /* Build configuration list for PBXNativeTarget "Example" */ = {
			isa = XCConfigurationList;
			buildConfigurations = (
				FE83373A256E8819002237DB /* Debug */,
				FE83373B256E8819002237DB /* Release */,
			);
			defaultConfigurationIsVisible = 0;
			defaultConfigurationName = Release;
		};
/* End XCConfigurationList section */
	};
	rootObject = FE83372A256E8819002237DB /* Project object */;
}
