<?xml version="1.0" encoding="utf-8"?>
<Project ToolsVersion="4.0" xmlns="http://schemas.microsoft.com/developer/msbuild/2003">
  <ItemGroup>
    <Filter Include="리소스 파일">
      <UniqueIdentifier>{67DA6AB6-F800-4c08-8B7A-83BB121AAD01}</UniqueIdentifier>
      <Extensions>rc;ico;cur;bmp;dlg;rc2;rct;bin;rgs;gif;jpg;jpeg;jpe;resx;tiff;tif;png;wav;mfcribbon-ms</Extensions>
    </Filter>
    <Filter Include="Classes">
      <UniqueIdentifier>{19511fa1-4fbf-49c2-9496-760f9e8636e3}</UniqueIdentifier>
    </Filter>
    <Filter Include="Classes\Global">
      <UniqueIdentifier>{d6903977-b2bd-4094-90ec-86cf11c8d77e}</UniqueIdentifier>
    </Filter>
    <Filter Include="Classes\Global\Define">
      <UniqueIdentifier>{25b9dc2b-9fda-4dba-931d-ae601f1cd451}</UniqueIdentifier>
    </Filter>
    <Filter Include="Classes\Practice_01">
      <UniqueIdentifier>{8d439846-068b-4190-9989-f67cc5c99d21}</UniqueIdentifier>
    </Filter>
  </ItemGroup>
  <ItemGroup>
    <ClInclude Include="Classes\Global\Define\KGDefine.h">
      <Filter>Classes\Global\Define</Filter>
    </ClInclude>
    <ClInclude Include="Classes\Practice_01\Practice_01.h">
      <Filter>Classes\Practice_01</Filter>
    </ClInclude>
  </ItemGroup>
  <ItemGroup>
    <ClCompile Include="Classes\Practice.cpp">
      <Filter>Classes</Filter>
    </ClCompile>
    <ClCompile Include="Classes\Practice_01\Practice_01.cpp">
      <Filter>Classes\Practice_01</Filter>
    </ClCompile>
  </ItemGroup>
</Project>